
Microsoft Visual Studio Solution File, Format Version 12.00
# Visual Studio Version 16
VisualStudioVersion = 16.0.33027.164
MinimumVisualStudioVersion = 10.0.40219.1
Project("{FAE04EC0-301F-11D3-BF4B-00C04F79EFBC}") = "7.108", "7.108.csproj", "{815A062A-D28A-4B2F-BDAA-5A5127348675}"
EndProject
Global
	GlobalSection(SolutionConfigurationPlatforms) = preSolution
		Debug|Any CPU = Debug|Any CPU
		Release|Any CPU = Release|Any CPU
	EndGlobalSection
	GlobalSection(ProjectConfigurationPlatforms) = postSolution
		{815A062A-D28A-4B2F-BDAA-5A5127348675}.Debug|Any CPU.ActiveCfg = Debug|Any CPU
		{815A062A-D28A-4B2F-BDAA-5A5127348675}.Debug|Any CPU.Build.0 = Debug|Any CPU
		{815A062A-D28A-4B2F-BDAA-5A5127348675}.Release|Any CPU.ActiveCfg = Release|Any CPU
		{815A062A-D28A-4B2F-BDAA-5A5127348675}.Release|Any CPU.Build.0 = Release|Any CPU
	EndGlobalSection
	GlobalSection(SolutionProperties) = preSolution
		HideSolutionNode = FALSE
	EndGlobalSection
	GlobalSection(ExtensibilityGlobals) = postSolution
		SolutionGuid = {0971AE7F-E353-4E97-8E5B-1F0A5A7F72D6}
	EndGlobalSection
EndGlobal
